dependencies:
- name: postgresql
  repository: https://charts.bitnami.com/bitnami
  version: 13.2.24
- name: firefly-iii
  repository: https://firefly-iii.github.io/kubernetes/
  version: 1.5.0
- name: importer
  repository: https://firefly-iii.github.io/kubernetes/
  version: 1.3.1
digest: sha256:d0290971ae4aaa9db01510ace8b499180804f71b0ebfa37c07feaf25e03fabf7
generated: "2023-12-14T11:07:33.081125724+11:00"
